// !$*UTF8*$!
{
	archiveVersion = 1;
	classes = {
	};
	objectVersion = 55;
	objects = {

/* Begin PBXBuildFile section */
		2A5FB613278628AA00D03021 /* RxCocoa in Frameworks */ = {isa = PBXBuildFile; productRef = 2A5FB612278628AA00D03021 /* RxCocoa */; };
		2A5FB615278628AA00D03021 /* RxSwift in Frameworks */ = {isa = PBXBuildFile; productRef = 2A5FB614278628AA00D03021 /* RxSwift */; };
		2A5FB61827862A6400D03021 /* RxDataSources in Frameworks */ = {isa = PBXBuildFile; productRef = 2A5FB61727862A6400D03021 /* RxDataSources */; };
		2ABA39F327860CD700BDB82A /* AppDelegate.swift in Sources */ = {isa = PBXBuildFile; fileRef = 2ABA39F227860CD700BDB82A /* AppDelegate.swift */; };
		2ABA39FC27860CD900BDB82A /* Assets.xcassets in Resources */ = {isa = PBXBuildFile; fileRef = 2ABA39FB27860CD900BDB82A /* Assets.xcassets */; };
		2ABA39FF27860CD900BDB82A /* LaunchScreen.storyboard in Resources */ = {isa = PBXBuildFile; fileRef = 2ABA39FD27860CD900BDB82A /* LaunchScreen.storyboard */; };
		2ABA3A0927860D1B00BDB82A /* HomeViewController.swift in Sources */ = {isa = PBXBuildFile; fileRef = 2ABA3A0727860D1B00BDB82A /* HomeViewController.swift */; };
		2ABA3A0A27860D1B00BDB82A /* HomeViewController.xib in Resources */ = {isa = PBXBuildFile; fileRef = 2ABA3A0827860D1B00BDB82A /* HomeViewController.xib */; };
		2ABA3A0E27860D4D00BDB82A /* HomeViewModel.swift in Sources */ = {isa = PBXBuildFile; fileRef = 2ABA3A0D27860D4D00BDB82A /* HomeViewModel.swift */; };
		2ABA3A162786181F00BDB82A /* FollowersApi.swift in Sources */ = {isa = PBXBuildFile; fileRef = 2ABA3A152786181F00BDB82A /* FollowersApi.swift */; };
		2ABA3A192786186600BDB82A /* User.swift in Sources */ = {isa = PBXBuildFile; fileRef = 2ABA3A182786186600BDB82A /* User.swift */; };
		2ABA3A1D27861E4C00BDB82A /* FollowersTableViewCell.swift in Sources */ = {isa = PBXBuildFile; fileRef = 2ABA3A1B27861E4C00BDB82A /* FollowersTableViewCell.swift */; };
		2ABA3A1E27861E4C00BDB82A /* FollowersTableViewCell.xib in Resources */ = {isa = PBXBuildFile; fileRef = 2ABA3A1C27861E4C00BDB82A /* FollowersTableViewCell.xib */; };
		2ABA3A232786207100BDB82A /* Followers.swift in Sources */ = {isa = PBXBuildFile; fileRef = 2ABA3A222786207100BDB82A /* Followers.swift */; };
/* End PBXBuildFile section */

/* Begin PBXFileReference section */
		2ABA39EF27860CD700BDB82A /* FollowersByGithub.app */ = {isa = PBXFileReference; explicitFileType = wrapper.application; includeInIndex = 0; path = FollowersByGithub.app; sourceTree = BUILT_PRODUCTS_DIR; };
		2ABA39F227860CD700BDB82A /* AppDelegate.swift */ = {isa = PBXFileReference; lastKnownFileType = sourcecode.swift; path = AppDelegate.swift; sourceTree = "<group>"; };
		2ABA39FB27860CD900BDB82A /* Assets.xcassets */ = {isa = PBXFileReference; lastKnownFileType = folder.assetcatalog; path = Assets.xcassets; sourceTree = "<group>"; };
		2ABA39FE27860CD900BDB82A /* Base */ = {isa = PBXFileReference; lastKnownFileType = file.storyboard; name = Base; path = Base.lproj/LaunchScreen.storyboard; sourceTree = "<group>"; };
		2ABA3A0027860CD900BDB82A /* Info.plist */ = {isa = PBXFileReference; lastKnownFileType = text.plist.xml; path = Info.plist; sourceTree = "<group>"; };
		2ABA3A0727860D1B00BDB82A /* HomeViewController.swift */ = {isa = PBXFileReference; lastKnownFileType = sourcecode.swift; path = HomeViewController.swift; sourceTree = "<group>"; };
		2ABA3A0827860D1B00BDB82A /* HomeViewController.xib */ = {isa = PBXFileReference; lastKnownFileType = file.xib; path = HomeViewController.xib; sourceTree = "<group>"; };
		2ABA3A0D27860D4D00BDB82A /* HomeViewModel.swift */ = {isa = PBXFileReference; lastKnownFileType = sourcecode.swift; path = HomeViewModel.swift; sourceTree = "<group>"; };
		2ABA3A152786181F00BDB82A /* FollowersApi.swift */ = {isa = PBXFileReference; lastKnownFileType = sourcecode.swift; path = FollowersApi.swift; sourceTree = "<group>"; };
		2ABA3A182786186600BDB82A /* User.swift */ = {isa = PBXFileReference; lastKnownFileType = sourcecode.swift; path = User.swift; sourceTree = "<group>"; };
		2ABA3A1B27861E4C00BDB82A /* FollowersTableViewCell.swift */ = {isa = PBXFileReference; lastKnownFileType = sourcecode.swift; path = FollowersTableViewCell.swift; sourceTree = "<group>"; };
		2ABA3A1C27861E4C00BDB82A /* FollowersTableViewCell.xib */ = {isa = PBXFileReference; lastKnownFileType = file.xib; path = FollowersTableViewCell.xib; sourceTree = "<group>"; };
		2ABA3A222786207100BDB82A /* Followers.swift */ = {isa = PBXFileReference; lastKnownFileType = sourcecode.swift; path = Followers.swift; sourceTree = "<group>"; };
/* End PBXFileReference section */

/* Begin PBXFrameworksBuildPhase section */
		2ABA39EC27860CD700BDB82A /* Frameworks */ = {
			isa = PBXFrameworksBuildPhase;
			buildActionMask = 2147483647;
			files = (
				2A5FB61827862A6400D03021 /* RxDataSources in Frameworks */,
				2A5FB615278628AA00D03021 /* RxSwift in Frameworks */,
				2A5FB613278628AA00D03021 /* RxCocoa in Frameworks */,
			);
			runOnlyForDeploymentPostprocessing = 0;
		};
/* End PBXFrameworksBuildPhase section */

/* Begin PBXGroup section */
		2ABA39E627860CD700BDB82A = {
			isa = PBXGroup;
			children = (
				2ABA39F127860CD700BDB82A /* FollowersByGithub */,
				2ABA39F027860CD700BDB82A /* Products */,
			);
			sourceTree = "<group>";
		};
		2ABA39F027860CD700BDB82A /* Products */ = {
			isa = PBXGroup;
			children = (
				2ABA39EF27860CD700BDB82A /* FollowersByGithub.app */,
			);
			name = Products;
			sourceTree = "<group>";
		};
		2ABA39F127860CD700BDB82A /* FollowersByGithub */ = {
			isa = PBXGroup;
			children = (
				2ABA39F227860CD700BDB82A /* AppDelegate.swift */,
				2ABA3A0F2786106400BDB82A /* NetworkManager */,
				2ABA3A0627860D0B00BDB82A /* Home */,
				2ABA39FB27860CD900BDB82A /* Assets.xcassets */,
				2ABA39FD27860CD900BDB82A /* LaunchScreen.storyboard */,
				2ABA3A0027860CD900BDB82A /* Info.plist */,
			);
			path = FollowersByGithub;
			sourceTree = "<group>";
		};
		2ABA3A0627860D0B00BDB82A /* Home */ = {
			isa = PBXGroup;
			children = (
				2ABA3A172786185400BDB82A /* Model */,
				2ABA3A0B27860D3300BDB82A /* View */,
				2ABA3A0C27860D3C00BDB82A /* ViewModel */,
			);
			path = Home;
			sourceTree = "<group>";
		};
		2ABA3A0B27860D3300BDB82A /* View */ = {
			isa = PBXGroup;
			children = (
				2ABA3A1A27861E3400BDB82A /* Cell */,
				2ABA3A0727860D1B00BDB82A /* HomeViewController.swift */,
				2ABA3A0827860D1B00BDB82A /* HomeViewController.xib */,
			);
			path = View;
			sourceTree = "<group>";
		};
		2ABA3A0C27860D3C00BDB82A /* ViewModel */ = {
			isa = PBXGroup;
			children = (
				2ABA3A0D27860D4D00BDB82A /* HomeViewModel.swift */,
			);
			path = ViewModel;
			sourceTree = "<group>";
		};
		2ABA3A0F2786106400BDB82A /* NetworkManager */ = {
			isa = PBXGroup;
			children = (
				2ABA3A2127861FA000BDB82A /* Service */,
				2ABA3A1F27861F8000BDB82A /* Response */,
			);
			path = NetworkManager;
			sourceTree = "<group>";
		};
		2ABA3A172786185400BDB82A /* Model */ = {
			isa = PBXGroup;
			children = (
				2ABA3A182786186600BDB82A /* User.swift */,
			);
			path = Model;
			sourceTree = "<group>";
		};
		2ABA3A1A27861E3400BDB82A /* Cell */ = {
			isa = PBXGroup;
			children = (
				2ABA3A1B27861E4C00BDB82A /* FollowersTableViewCell.swift */,
				2ABA3A1C27861E4C00BDB82A /* FollowersTableViewCell.xib */,
			);
			path = Cell;
			sourceTree = "<group>";
		};
		2ABA3A1F27861F8000BDB82A /* Response */ = {
			isa = PBXGroup;
			children = (
				2ABA3A222786207100BDB82A /* Followers.swift */,
			);
			path = Response;
			sourceTree = "<group>";
		};
		2ABA3A2127861FA000BDB82A /* Service */ = {
			isa = PBXGroup;
			children = (
				2ABA3A152786181F00BDB82A /* FollowersApi.swift */,
			);
			path = Service;
			sourceTree = "<group>";
		};
/* End PBXGroup section */

/* Begin PBXNativeTarget section */
		2ABA39EE27860CD700BDB82A /* FollowersByGithub */ = {
			isa = PBXNativeTarget;
			buildConfigurationList = 2ABA3A0327860CD900BDB82A /* Build configuration list for PBXNativeTarget "FollowersByGithub" */;
			buildPhases = (
				2ABA39EB27860CD700BDB82A /* Sources */,
				2ABA39EC27860CD700BDB82A /* Frameworks */,
				2ABA39ED27860CD700BDB82A /* Resources */,
			);
			buildRules = (
			);
			dependencies = (
			);
			name = FollowersByGithub;
			packageProductDependencies = (
				2A5FB612278628AA00D03021 /* RxCocoa */,
				2A5FB614278628AA00D03021 /* RxSwift */,
				2A5FB61727862A6400D03021 /* RxDataSources */,
			);
			productName = FollowersByGithub;
			productReference = 2ABA39EF27860CD700BDB82A /* FollowersByGithub.app */;
			productType = "com.apple.product-type.application";
		};
/* End PBXNativeTarget section */

/* Begin PBXProject section */
		2ABA39E727860CD700BDB82A /* Project object */ = {
			isa = PBXProject;
			attributes = {
				BuildIndependentTargetsInParallel = 1;
				LastSwiftUpdateCheck = 1300;
				LastUpgradeCheck = 1300;
				TargetAttributes = {
					2ABA39EE27860CD700BDB82A = {
						CreatedOnToolsVersion = 13.0;
					};
				};
			};
			buildConfigurationList = 2ABA39EA27860CD700BDB82A /* Build configuration list for PBXProject "FollowersByGithub" */;
			compatibilityVersion = "Xcode 13.0";
			developmentRegion = en;
			hasScannedForEncodings = 0;
			knownRegions = (
				en,
				Base,
			);
			mainGroup = 2ABA39E627860CD700BDB82A;
			packageReferences = (
				2A5FB611278628AA00D03021 /* XCRemoteSwiftPackageReference "RxSwift" */,
				2A5FB61627862A6400D03021 /* XCRemoteSwiftPackageReference "RxDataSources" */,
			);
			productRefGroup = 2ABA39F027860CD700BDB82A /* Products */;
			projectDirPath = "";
			projectRoot = "";
			targets = (
				2ABA39EE27860CD700BDB82A /* FollowersByGithub */,
			);
		};
/* End PBXProject section */

/* Begin PBXResourcesBuildPhase section */
		2ABA39ED27860CD700BDB82A /* Resources */ = {
			isa = PBXResourcesBuildPhase;
			buildActionMask = 2147483647;
			files = (
				2ABA39FF27860CD900BDB82A /* LaunchScreen.storyboard in Resources */,
				2ABA39FC27860CD900BDB82A /* Assets.xcassets in Resources */,
				2ABA3A0A27860D1B00BDB82A /* HomeViewController.xib in Resources */,
				2ABA3A1E27861E4C00BDB82A /* FollowersTableViewCell.xib in Resources */,
			);
			runOnlyForDeploymentPostprocessing = 0;
		};
/* End PBXResourcesBuildPhase section */

/* Begin PBXSourcesBuildPhase section */
		2ABA39EB27860CD700BDB82A /* Sources */ = {
			isa = PBXSourcesBuildPhase;
			buildActionMask = 2147483647;
			files = (
				2ABA3A162786181F00BDB82A /* FollowersApi.swift in Sources */,
				2ABA3A232786207100BDB82A /* Followers.swift in Sources */,
				2ABA39F327860CD700BDB82A /* AppDelegate.swift in Sources */,
				2ABA3A0927860D1B00BDB82A /* HomeViewController.swift in Sources */,
				2ABA3A192786186600BDB82A /* User.swift in Sources */,
				2ABA3A0E27860D4D00BDB82A /* HomeViewModel.swift in Sources */,
				2ABA3A1D27861E4C00BDB82A /* FollowersTableViewCell.swift in Sources */,
			);
			runOnlyForDeploymentPostprocessing = 0;
		};
/* End PBXSourcesBuildPhase section */

/* Begin PBXVariantGroup section */
		2ABA39FD27860CD900BDB82A /* LaunchScreen.storyboard */ = {
			isa = PBXVariantGroup;
			children = (
				2ABA39FE27860CD900BDB82A /* Base */,
			);
			name = LaunchScreen.storyboard;
			sourceTree = "<group>";
		};
/* End PBXVariantGroup section */

/* Begin XCBuildConfiguration section */
		2ABA3A0127860CD900BDB82A /* Debug */ = {
			isa = XCBuildConfiguration;
			buildSettings = {
				ALWAYS_SEARCH_USER_PATHS = NO;
				CLANG_ANALYZER_NONNULL = YES;
				CLANG_ANALYZER_NUMBER_OBJECT_CONVERSION = YES_AGGRESSIVE;
				CLANG_CXX_LANGUAGE_STANDARD = "gnu++17";
				CLANG_CXX_LIBRARY = "libc++";
				CLANG_ENABLE_MODULES = YES;
				CLANG_ENABLE_OBJC_ARC = YES;
				CLANG_ENABLE_OBJC_WEAK = YES;
				CLANG_WARN_BLOCK_CAPTURE_AUTORELEASING = YES;
				CLANG_WARN_BOOL_CONVERSION = YES;
				CLANG_WARN_COMMA = YES;
				CLANG_WARN_CONSTANT_CONVERSION = YES;
				CLANG_WARN_DEPRECATED_OBJC_IMPLEMENTATIONS = YES;
				CLANG_WARN_DIRECT_OBJC_ISA_USAGE = YES_ERROR;
				CLANG_WARN_DOCUMENTATION_COMMENTS = YES;
				CLANG_WARN_EMPTY_BODY = YES;
				CLANG_WARN_ENUM_CONVERSION = YES;
				CLANG_WARN_INFINITE_RECURSION = YES;
				CLANG_WARN_INT_CONVERSION = YES;
				CLANG_WARN_NON_LITERAL_NULL_CONVERSION = YES;
				CLANG_WARN_OBJC_IMPLICIT_RETAIN_SELF = YES;
				CLANG_WARN_OBJC_LITERAL_CONVERSION = YES;
				CLANG_WARN_OBJC_ROOT_CLASS = YES_ERROR;
				CLANG_WARN_QUOTED_INCLUDE_IN_FRAMEWORK_HEADER = YES;
				CLANG_WARN_RANGE_LOOP_ANALYSIS = YES;
				CLANG_WARN_STRICT_PROTOTYPES = YES;
				CLANG_WARN_SUSPICIOUS_MOVE = YES;
				CLANG_WARN_UNGUARDED_AVAILABILITY = YES_AGGRESSIVE;
				CLANG_WARN_UNREACHABLE_CODE = YES;
				CLANG_WARN__DUPLICATE_METHOD_MATCH = YES;
				COPY_PHASE_STRIP = NO;
				DEBUG_INFORMATION_FORMAT = dwarf;
				ENABLE_STRICT_OBJC_MSGSEND = YES;
				ENABLE_TESTABILITY = YES;
				GCC_C_LANGUAGE_STANDARD = gnu11;
				GCC_DYNAMIC_NO_PIC = NO;
				GCC_NO_COMMON_BLOCKS = YES;
				GCC_OPTIMIZATION_LEVEL = 0;
				GCC_PREPROCESSOR_DEFINITIONS = (
					"DEBUG=1",
					"$(inherited)",
				);
				GCC_WARN_64_TO_32_BIT_CONVERSION = YES;
				GCC_WARN_ABOUT_RETURN_TYPE = YES_ERROR;
				GCC_WARN_UNDECLARED_SELECTOR = YES;
				GCC_WARN_UNINITIALIZED_AUTOS = YES_AGGRESSIVE;
				GCC_WARN_UNUSED_FUNCTION = YES;
				GCC_WARN_UNUSED_VARIABLE = YES;
				IPHONEOS_DEPLOYMENT_TARGET = 15.0;
				MTL_ENABLE_DEBUG_INFO = INCLUDE_SOURCE;
				MTL_FAST_MATH = YES;
				ONLY_ACTIVE_ARCH = YES;
				SDKROOT = iphoneos;
				SWIFT_ACTIVE_COMPILATION_CONDITIONS = DEBUG;
				SWIFT_OPTIMIZATION_LEVEL = "-Onone";
			};
			name = Debug;
		};
		2ABA3A0227860CD900BDB82A /* Release */ = {
			isa = XCBuildConfiguration;
			buildSettings = {
				ALWAYS_SEARCH_USER_PATHS = NO;
				CLANG_ANALYZER_NONNULL = YES;
				CLANG_ANALYZER_NUMBER_OBJECT_CONVERSION = YES_AGGRESSIVE;
				CLANG_CXX_LANGUAGE_STANDARD = "gnu++17";
				CLANG_CXX_LIBRARY = "libc++";
				CLANG_ENABLE_MODULES = YES;
				CLANG_ENABLE_OBJC_ARC = YES;
				CLANG_ENABLE_OBJC_WEAK = YES;
				CLANG_WARN_BLOCK_CAPTURE_AUTORELEASING = YES;
				CLANG_WARN_BOOL_CONVERSION = YES;
				CLANG_WARN_COMMA = YES;
				CLANG_WARN_CONSTANT_CONVERSION = YES;
				CLANG_WARN_DEPRECATED_OBJC_IMPLEMENTATIONS = YES;
				CLANG_WARN_DIRECT_OBJC_ISA_USAGE = YES_ERROR;
				CLANG_WARN_DOCUMENTATION_COMMENTS = YES;
				CLANG_WARN_EMPTY_BODY = YES;
				CLANG_WARN_ENUM_CONVERSION = YES;
				CLANG_WARN_INFINITE_RECURSION = YES;
				CLANG_WARN_INT_CONVERSION = YES;
				CLANG_WARN_NON_LITERAL_NULL_CONVERSION = YES;
				CLANG_WARN_OBJC_IMPLICIT_RETAIN_SELF = YES;
				CLANG_WARN_OBJC_LITERAL_CONVERSION = YES;
				CLANG_WARN_OBJC_ROOT_CLASS = YES_ERROR;
				CLANG_WARN_QUOTED_INCLUDE_IN_FRAMEWORK_HEADER = YES;
				CLANG_WARN_RANGE_LOOP_ANALYSIS = YES;
				CLANG_WARN_STRICT_PROTOTYPES = YES;
				CLANG_WARN_SUSPICIOUS_MOVE = YES;
				CLANG_WARN_UNGUARDED_AVAILABILITY = YES_AGGRESSIVE;
				CLANG_WARN_UNREACHABLE_CODE = YES;
				CLANG_WARN__DUPLICATE_METHOD_MATCH = YES;
				COPY_PHASE_STRIP = NO;
				DEBUG_INFORMATION_FORMAT = "dwarf-with-dsym";
				ENABLE_NS_ASSERTIONS = NO;
				ENABLE_STRICT_OBJC_MSGSEND = YES;
				GCC_C_LANGUAGE_STANDARD = gnu11;
				GCC_NO_COMMON_BLOCKS = YES;
				GCC_WARN_64_TO_32_BIT_CONVERSION = YES;
				GCC_WARN_ABOUT_RETURN_TYPE = YES_ERROR;
				GCC_WARN_UNDECLARED_SELECTOR = YES;
				GCC_WARN_UNINITIALIZED_AUTOS = YES_AGGRESSIVE;
				GCC_WARN_UNUSED_FUNCTION = YES;
				GCC_WARN_UNUSED_VARIABLE = YES;
				IPHONEOS_DEPLOYMENT_TARGET = 15.0;
				MTL_ENABLE_DEBUG_INFO = NO;
				MTL_FAST_MATH = YES;
				SDKROOT = iphoneos;
				SWIFT_COMPILATION_MODE = wholemodule;
				SWIFT_OPTIMIZATION_LEVEL = "-O";
				VALIDATE_PRODUCT = YES;
			};
			name = Release;
		};
		2ABA3A0427860CD900BDB82A /* Debug */ = {
			isa = XCBuildConfiguration;
			buildSettings = {
				ASSETCATALOG_COMPILER_APPICON_NAME = AppIcon;
				ASSETCATALOG_COMPILER_GLOBAL_ACCENT_COLOR_NAME = AccentColor;
				CODE_SIGN_STYLE = Automatic;
				CURRENT_PROJECT_VERSION = 1;
				DEVELOPMENT_TEAM = 5S22W76BBZ;
				GENERATE_INFOPLIST_FILE = YES;
				INFOPLIST_FILE = FollowersByGithub/Info.plist;
				INFOPLIST_KEY_CFBundleDisplayName = Followers;
				INFOPLIST_KEY_UIApplicationSupportsIndirectInputEvents = YES;
				INFOPLIST_KEY_UILaunchStoryboardName = LaunchScreen;
				INFOPLIST_KEY_UISupportedInterfaceOrientations_iPad = "UIInterfaceOrientationPortrait UIInterfaceOrientationPortraitUpsideDown UIInterfaceOrientationLandscapeLeft UIInterfaceOrientationLandscapeRight";
				INFOPLIST_KEY_UISupportedInterfaceOrientations_iPhone = "UIInterfaceOrientationPortrait UIInterfaceOrientationLandscapeLeft UIInterfaceOrientationLandscapeRight";
				LD_RUNPATH_SEARCH_PATHS = (
					"$(inherited)",
					"@executable_path/Frameworks",
				);
				MARKETING_VERSION = 1.0.0;
				PRODUCT_BUNDLE_IDENTIFIER = com.kevinhomorales.followersbygithubswift;
				PRODUCT_NAME = "$(TARGET_NAME)";
				SWIFT_EMIT_LOC_STRINGS = YES;
				SWIFT_VERSION = 5.0;
				TARGETED_DEVICE_FAMILY = "1,2";
			};
			name = Debug;
		};
		2ABA3A0527860CD900BDB82A /* Release */ = {
			isa = XCBuildConfiguration;
			buildSettings = {
				ASSETCATALOG_COMPILER_APPICON_NAME = AppIcon;
				ASSETCATALOG_COMPILER_GLOBAL_ACCENT_COLOR_NAME = AccentColor;
				CODE_SIGN_STYLE = Automatic;
				CURRENT_PROJECT_VERSION = 1;
				DEVELOPMENT_TEAM = 5S22W76BBZ;
				GENERATE_INFOPLIST_FILE = YES;
				INFOPLIST_FILE = FollowersByGithub/Info.plist;
				INFOPLIST_KEY_CFBundleDisplayName = Followers;
				INFOPLIST_KEY_UIApplicationSupportsIndirectInputEvents = YES;
				INFOPLIST_KEY_UILaunchStoryboardName = LaunchScreen;
				INFOPLIST_KEY_UISupportedInterfaceOrientations_iPad = "UIInterfaceOrientationPortrait UIInterfaceOrientationPortraitUpsideDown UIInterfaceOrientationLandscapeLeft UIInterfaceOrientationLandscapeRight";
				INFOPLIST_KEY_UISupportedInterfaceOrientations_iPhone = "UIInterfaceOrientationPortrait UIInterfaceOrientationLandscapeLeft UIInterfaceOrientationLandscapeRight";
				LD_RUNPATH_SEARCH_PATHS = (
					"$(inherited)",
					"@executable_path/Frameworks",
				);
				MARKETING_VERSION = 1.0.0;
				PRODUCT_BUNDLE_IDENTIFIER = com.kevinhomorales.followersbygithubswift;
				PRODUCT_NAME = "$(TARGET_NAME)";
				SWIFT_EMIT_LOC_STRINGS = YES;
				SWIFT_VERSION = 5.0;
				TARGETED_DEVICE_FAMILY = "1,2";
			};
			name = Release;
		};
/* End XCBuildConfiguration section */

/* Begin XCConfigurationList section */
		2ABA39EA27860CD700BDB82A /* Build configuration list for PBXProject "FollowersByGithub" */ = {
			isa = XCConfigurationList;
			buildConfigurations = (
				2ABA3A0127860CD900BDB82A /* Debug */,
				2ABA3A0227860CD900BDB82A /* Release */,
			);
			defaultConfigurationIsVisible = 0;
			defaultConfigurationName = Release;
		};
		2ABA3A0327860CD900BDB82A /* Build configuration list for PBXNativeTarget "FollowersByGithub" */ = {
			isa = XCConfigurationList;
			buildConfigurations = (
				2ABA3A0427860CD900BDB82A /* Debug */,
				2ABA3A0527860CD900BDB82A /* Release */,
			);
			defaultConfigurationIsVisible = 0;
			defaultConfigurationName = Release;
		};
/* End XCConfigurationList section */

/* Begin XCRemoteSwiftPackageReference section */
		2A5FB611278628AA00D03021 /* XCRemoteSwiftPackageReference "RxSwift" */ = {
			isa = XCRemoteSwiftPackageReference;
			repositoryURL = "https://github.com/ReactiveX/RxSwift";
			requirement = {
				branch = main;
				kind = branch;
			};
		};
		2A5FB61627862A6400D03021 /* XCRemoteSwiftPackageReference "RxDataSources" */ = {
			isa = XCRemoteSwiftPackageReference;
			repositoryURL = "https://github.com/RxSwiftCommunity/RxDataSources";
			requirement = {
				branch = main;
				kind = branch;
			};
		};
/* End XCRemoteSwiftPackageReference section */

/* Begin XCSwiftPackageProductDependency section */
		2A5FB612278628AA00D03021 /* RxCocoa */ = {
			isa = XCSwiftPackageProductDependency;
			package = 2A5FB611278628AA00D03021 /* XCRemoteSwiftPackageReference "RxSwift" */;
			productName = RxCocoa;
		};
		2A5FB614278628AA00D03021 /* RxSwift */ = {
			isa = XCSwiftPackageProductDependency;
			package = 2A5FB611278628AA00D03021 /* XCRemoteSwiftPackageReference "RxSwift" */;
			productName = RxSwift;
		};
		2A5FB61727862A6400D03021 /* RxDataSources */ = {
			isa = XCSwiftPackageProductDependency;
			package = 2A5FB61627862A6400D03021 /* XCRemoteSwiftPackageReference "RxDataSources" */;
			productName = RxDataSources;
		};
/* End XCSwiftPackageProductDependency section */
	};
	rootObject = 2ABA39E727860CD700BDB82A /* Project object */;
}
